
Microsoft Visual Studio Solution File, Format Version 12.00
# Visual Studio Version 16
VisualStudioVersion = 16.0.30406.217
MinimumVisualStudioVersion = 10.0.40219.1
Project("{FAE04EC0-301F-11D3-BF4B-00C04F79EFBC}") = "Denys_Golovan_HW", "Denys_Golovan_HW\Denys_Golovan_HW.csproj", "{1FC900C2-F11D-46F5-B2FB-9734FE7AA748}"
EndProject
Global
	GlobalSection(SolutionConfigurationPlatforms) = preSolution
		Debug|Any CPU = Debug|Any CPU
		Release|Any CPU = Release|Any CPU
	EndGlobalSection
	GlobalSection(ProjectConfigurationPlatforms) = postSolution
		{1FC900C2-F11D-46F5-B2FB-9734FE7AA748}.Debug|Any CPU.ActiveCfg = Debug|Any CPU
		{1FC900C2-F11D-46F5-B2FB-9734FE7AA748}.Debug|Any CPU.Build.0 = Debug|Any CPU
		{1FC900C2-F11D-46F5-B2FB-9734FE7AA748}.Release|Any CPU.ActiveCfg = Release|Any CPU
		{1FC900C2-F11D-46F5-B2FB-9734FE7AA748}.Release|Any CPU.Build.0 = Release|Any CPU
	EndGlobalSection
	GlobalSection(SolutionProperties) = preSolution
		HideSolutionNode = FALSE
	EndGlobalSection
	GlobalSection(ExtensibilityGlobals) = postSolution
		SolutionGuid = {E75324DD-3037-4696-A920-B710EFE3C3E5}
	EndGlobalSection
EndGlobal
